
Microsoft Visual Studio Solution File, Format Version 12.00
# Visual Studio Version 16
VisualStudioVersion = 16.0.31205.134
MinimumVisualStudioVersion = 10.0.40219.1
Project("{00D1A9C2-B5F0-4AF3-8072-F6C62B433612}") = "ter", "ter\ter.sqlproj", "{DE2B8735-9060-4A0E-BFED-DE0964E3FB98}"
EndProject
Global
	GlobalSection(SolutionConfigurationPlatforms) = preSolution
		Debug|Any CPU = Debug|Any CPU
		Release|Any CPU = Release|Any CPU
	EndGlobalSection
	GlobalSection(ProjectConfigurationPlatforms) = postSolution
		{DE2B8735-9060-4A0E-BFED-DE0964E3FB98}.Debug|Any CPU.ActiveCfg = Debug|Any CPU
		{DE2B8735-9060-4A0E-BFED-DE0964E3FB98}.Debug|Any CPU.Build.0 = Debug|Any CPU
		{DE2B8735-9060-4A0E-BFED-DE0964E3FB98}.Debug|Any CPU.Deploy.0 = Debug|Any CPU
		{DE2B8735-9060-4A0E-BFED-DE0964E3FB98}.Release|Any CPU.ActiveCfg = Release|Any CPU
		{DE2B8735-9060-4A0E-BFED-DE0964E3FB98}.Release|Any CPU.Build.0 = Release|Any CPU
		{DE2B8735-9060-4A0E-BFED-DE0964E3FB98}.Release|Any CPU.Deploy.0 = Release|Any CPU
	EndGlobalSection
	GlobalSection(SolutionProperties) = preSolution
		HideSolutionNode = FALSE
	EndGlobalSection
	GlobalSection(ExtensibilityGlobals) = postSolution
		SolutionGuid = {A6316121-11CA-42DB-950D-553C34B1B636}
	EndGlobalSection
EndGlobal
